
Microsoft Visual Studio Solution File, Format Version 12.00
# Visual Studio Version 16
VisualStudioVersion = 16.0.32929.386
MinimumVisualStudioVersion = 10.0.40219.1
Project("{FAE04EC0-301F-11D3-BF4B-00C04F79EFBC}") = "Stucation", "Stucation\Stucation.csproj", "{9605EBB1-59B7-42C5-AEE3-D958FF3D9396}"
EndProject
Global
	GlobalSection(SolutionConfigurationPlatforms) = preSolution
		Debug|Any CPU = Debug|Any CPU
		Release|Any CPU = Release|Any CPU
	EndGlobalSection
	GlobalSection(ProjectConfigurationPlatforms) = postSolution
		{9605EBB1-59B7-42C5-AEE3-D958FF3D9396}.Debug|Any CPU.ActiveCfg = Debug|Any CPU
		{9605EBB1-59B7-42C5-AEE3-D958FF3D9396}.Debug|Any CPU.Build.0 = Debug|Any CPU
		{9605EBB1-59B7-42C5-AEE3-D958FF3D9396}.Release|Any CPU.ActiveCfg = Release|Any CPU
		{9605EBB1-59B7-42C5-AEE3-D958FF3D9396}.Release|Any CPU.Build.0 = Release|Any CPU
	EndGlobalSection
	GlobalSection(SolutionProperties) = preSolution
		HideSolutionNode = FALSE
	EndGlobalSection
	GlobalSection(ExtensibilityGlobals) = postSolution
		SolutionGuid = {030703C4-D339-4368-A2D6-8C77049C5F80}
	EndGlobalSection
EndGlobal
